// !$*UTF8*$!
{
	archiveVersion = 1;
	classes = {
	};
	objectVersion = 50;
	objects = {

/* Begin PBXBuildFile section */
		0818C34B244A9F62004CF8CF /* AppDelegate.swift in Sources */ = {isa = PBXBuildFile; fileRef = 0818C34A244A9F62004CF8CF /* AppDelegate.swift */; };
		0818C34D244A9F62004CF8CF /* ViewController.swift in Sources */ = {isa = PBXBuildFile; fileRef = 0818C34C244A9F62004CF8CF /* ViewController.swift */; };
		0818C350244A9F62004CF8CF /* Main.storyboard in Resources */ = {isa = PBXBuildFile; fileRef = 0818C34E244A9F62004CF8CF /* Main.storyboard */; };
		0818C352244A9F64004CF8CF /* Assets.xcassets in Resources */ = {isa = PBXBuildFile; fileRef = 0818C351244A9F64004CF8CF /* Assets.xcassets */; };
		0818C355244A9F64004CF8CF /* LaunchScreen.storyboard in Resources */ = {isa = PBXBuildFile; fileRef = 0818C353244A9F64004CF8CF /* LaunchScreen.storyboard */; };
		0818C360244A9F64004CF8CF /* OntheMapTests.swift in Sources */ = {isa = PBXBuildFile; fileRef = 0818C35F244A9F64004CF8CF /* OntheMapTests.swift */; };
		0818C36B244A9F64004CF8CF /* OntheMapUITests.swift in Sources */ = {isa = PBXBuildFile; fileRef = 0818C36A244A9F64004CF8CF /* OntheMapUITests.swift */; };
/* End PBXBuildFile section */

/* Begin PBXContainerItemProxy section */
		0818C35C244A9F64004CF8CF /* PBXContainerItemProxy */ = {
			isa = PBXContainerItemProxy;
			containerPortal = 0818C33F244A9F62004CF8CF /* Project object */;
			proxyType = 1;
			remoteGlobalIDString = 0818C346244A9F62004CF8CF;
			remoteInfo = OntheMap;
		};
		0818C367244A9F64004CF8CF /* PBXContainerItemProxy */ = {
			isa = PBXContainerItemProxy;
			containerPortal = 0818C33F244A9F62004CF8CF /* Project object */;
			proxyType = 1;
			remoteGlobalIDString = 0818C346244A9F62004CF8CF;
			remoteInfo = OntheMap;
		};
/* End PBXContainerItemProxy section */

/* Begin PBXFileReference section */
		0818C347244A9F62004CF8CF /* OntheMap.app */ = {isa = PBXFileReference; explicitFileType = wrapper.application; includeInIndex = 0; path = OntheMap.app; sourceTree = BUILT_PRODUCTS_DIR; };
		0818C34A244A9F62004CF8CF /* AppDelegate.swift */ = {isa = PBXFileReference; lastKnownFileType = sourcecode.swift; path = AppDelegate.swift; sourceTree = "<group>"; };
		0818C34C244A9F62004CF8CF /* ViewController.swift */ = {isa = PBXFileReference; lastKnownFileType = sourcecode.swift; path = ViewController.swift; sourceTree = "<group>"; };
		0818C34F244A9F62004CF8CF /* Base */ = {isa = PBXFileReference; lastKnownFileType = file.storyboard; name = Base; path = Base.lproj/Main.storyboard; sourceTree = "<group>"; };
		0818C351244A9F64004CF8CF /* Assets.xcassets */ = {isa = PBXFileReference; lastKnownFileType = folder.assetcatalog; name = Assets.xcassets; path = ../Assets.xcassets; sourceTree = "<group>"; };
		0818C354244A9F64004CF8CF /* Base */ = {isa = PBXFileReference; lastKnownFileType = file.storyboard; name = Base; path = Base.lproj/LaunchScreen.storyboard; sourceTree = "<group>"; };
		0818C356244A9F64004CF8CF /* Info.plist */ = {isa = PBXFileReference; lastKnownFileType = text.plist.xml; name = Info.plist; path = ../Info.plist; sourceTree = "<group>"; };
		0818C35B244A9F64004CF8CF /* OntheMapTests.xctest */ = {isa = PBXFileReference; explicitFileType = wrapper.cfbundle; includeInIndex = 0; path = OntheMapTests.xctest; sourceTree = BUILT_PRODUCTS_DIR; };
		0818C35F244A9F64004CF8CF /* OntheMapTests.swift */ = {isa = PBXFileReference; lastKnownFileType = sourcecode.swift; path = OntheMapTests.swift; sourceTree = "<group>"; };
		0818C361244A9F64004CF8CF /* Info.plist */ = {isa = PBXFileReference; lastKnownFileType = text.plist.xml; path = Info.plist; sourceTree = "<group>"; };
		0818C366244A9F64004CF8CF /* OntheMapUITests.xctest */ = {isa = PBXFileReference; explicitFileType = wrapper.cfbundle; includeInIndex = 0; path = OntheMapUITests.xctest; sourceTree = BUILT_PRODUCTS_DIR; };
		0818C36A244A9F64004CF8CF /* OntheMapUITests.swift */ = {isa = PBXFileReference; lastKnownFileType = sourcecode.swift; path = OntheMapUITests.swift; sourceTree = "<group>"; };
		0818C36C244A9F64004CF8CF /* Info.plist */ = {isa = PBXFileReference; lastKnownFileType = text.plist.xml; path = Info.plist; sourceTree = "<group>"; };
/* End PBXFileReference section */

/* Begin PBXFrameworksBuildPhase section */
		0818C344244A9F62004CF8CF /* Frameworks */ = {
			isa = PBXFrameworksBuildPhase;
			buildActionMask = 2147483647;
			files = (
			);
			runOnlyForDeploymentPostprocessing = 0;
		};
		0818C358244A9F64004CF8CF /* Frameworks */ = {
			isa = PBXFrameworksBuildPhase;
			buildActionMask = 2147483647;
			files = (
			);
			runOnlyForDeploymentPostprocessing = 0;
		};
		0818C363244A9F64004CF8CF /* Frameworks */ = {
			isa = PBXFrameworksBuildPhase;
			buildActionMask = 2147483647;
			files = (
			);
			runOnlyForDeploymentPostprocessing = 0;
		};
/* End PBXFrameworksBuildPhase section */

/* Begin PBXGroup section */
		0818C33E244A9F62004CF8CF = {
			isa = PBXGroup;
			children = (
				0818C349244A9F62004CF8CF /* OntheMap */,
				0818C35E244A9F64004CF8CF /* OntheMapTests */,
				0818C369244A9F64004CF8CF /* OntheMapUITests */,
				0818C348244A9F62004CF8CF /* Products */,
			);
			sourceTree = "<group>";
		};
		0818C348244A9F62004CF8CF /* Products */ = {
			isa = PBXGroup;
			children = (
				0818C347244A9F62004CF8CF /* OntheMap.app */,
				0818C35B244A9F64004CF8CF /* OntheMapTests.xctest */,
				0818C366244A9F64004CF8CF /* OntheMapUITests.xctest */,
			);
			name = Products;
			sourceTree = "<group>";
		};
		0818C349244A9F62004CF8CF /* OntheMap */ = {
			isa = PBXGroup;
			children = (
				0818C34A244A9F62004CF8CF /* AppDelegate.swift */,
				0818C379245195A2004CF8CF /* Controller */,
				0818C37824519588004CF8CF /* View */,
			);
			path = OntheMap;
			sourceTree = "<group>";
		};
		0818C35E244A9F64004CF8CF /* OntheMapTests */ = {
			isa = PBXGroup;
			children = (
				0818C35F244A9F64004CF8CF /* OntheMapTests.swift */,
				0818C361244A9F64004CF8CF /* Info.plist */,
			);
			path = OntheMapTests;
			sourceTree = "<group>";
		};
		0818C369244A9F64004CF8CF /* OntheMapUITests */ = {
			isa = PBXGroup;
			children = (
				0818C36A244A9F64004CF8CF /* OntheMapUITests.swift */,
				0818C36C244A9F64004CF8CF /* Info.plist */,
			);
			path = OntheMapUITests;
			sourceTree = "<group>";
		};
		0818C37824519588004CF8CF /* View */ = {
			isa = PBXGroup;
			children = (
				0818C34E244A9F62004CF8CF /* Main.storyboard */,
				0818C351244A9F64004CF8CF /* Assets.xcassets */,
				0818C353244A9F64004CF8CF /* LaunchScreen.storyboard */,
				0818C356244A9F64004CF8CF /* Info.plist */,
			);
			path = View;
			sourceTree = "<group>";
		};
		0818C379245195A2004CF8CF /* Controller */ = {
			isa = PBXGroup;
			children = (
				0818C34C244A9F62004CF8CF /* ViewController.swift */,
			);
			path = Controller;
			sourceTree = "<group>";
		};
/* End PBXGroup section */

/* Begin PBXNativeTarget section */
		0818C346244A9F62004CF8CF /* OntheMap */ = {
			isa = PBXNativeTarget;
			buildConfigurationList = 0818C36F244A9F64004CF8CF /* Build configuration list for PBXNativeTarget "OntheMap" */;
			buildPhases = (
				0818C343244A9F62004CF8CF /* Sources */,
				0818C344244A9F62004CF8CF /* Frameworks */,
				0818C345244A9F62004CF8CF /* Resources */,
			);
			buildRules = (
			);
			dependencies = (
			);
			name = OntheMap;
			productName = OntheMap;
			productReference = 0818C347244A9F62004CF8CF /* OntheMap.app */;
			productType = "com.apple.product-type.application";
		};
		0818C35A244A9F64004CF8CF /* OntheMapTests */ = {
			isa = PBXNativeTarget;
			buildConfigurationList = 0818C372244A9F64004CF8CF /* Build configuration list for PBXNativeTarget "OntheMapTests" */;
			buildPhases = (
				0818C357244A9F64004CF8CF /* Sources */,
				0818C358244A9F64004CF8CF /* Frameworks */,
				0818C359244A9F64004CF8CF /* Resources */,
			);
			buildRules = (
			);
			dependencies = (
				0818C35D244A9F64004CF8CF /* PBXTargetDependency */,
			);
			name = OntheMapTests;
			productName = OntheMapTests;
			productReference = 0818C35B244A9F64004CF8CF /* OntheMapTests.xctest */;
			productType = "com.apple.product-type.bundle.unit-test";
		};
		0818C365244A9F64004CF8CF /* OntheMapUITests */ = {
			isa = PBXNativeTarget;
			buildConfigurationList = 0818C375244A9F64004CF8CF /* Build configuration list for PBXNativeTarget "OntheMapUITests" */;
			buildPhases = (
				0818C362244A9F64004CF8CF /* Sources */,
				0818C363244A9F64004CF8CF /* Frameworks */,
				0818C364244A9F64004CF8CF /* Resources */,
			);
			buildRules = (
			);
			dependencies = (
				0818C368244A9F64004CF8CF /* PBXTargetDependency */,
			);
			name = OntheMapUITests;
			productName = OntheMapUITests;
			productReference = 0818C366244A9F64004CF8CF /* OntheMapUITests.xctest */;
			productType = "com.apple.product-type.bundle.ui-testing";
		};
/* End PBXNativeTarget section */

/* Begin PBXProject section */
		0818C33F244A9F62004CF8CF /* Project object */ = {
			isa = PBXProject;
			attributes = {
				LastSwiftUpdateCheck = 1030;
				LastUpgradeCheck = 1030;
				ORGANIZATIONNAME = "Jason Isler";
				TargetAttributes = {
					0818C346244A9F62004CF8CF = {
						CreatedOnToolsVersion = 10.3;
					};
					0818C35A244A9F64004CF8CF = {
						CreatedOnToolsVersion = 10.3;
						TestTargetID = 0818C346244A9F62004CF8CF;
					};
					0818C365244A9F64004CF8CF = {
						CreatedOnToolsVersion = 10.3;
						TestTargetID = 0818C346244A9F62004CF8CF;
					};
				};
			};
			buildConfigurationList = 0818C342244A9F62004CF8CF /* Build configuration list for PBXProject "OntheMap" */;
			compatibilityVersion = "Xcode 9.3";
			developmentRegion = en;
			hasScannedForEncodings = 0;
			knownRegions = (
				en,
				Base,
			);
			mainGroup = 0818C33E244A9F62004CF8CF;
			productRefGroup = 0818C348244A9F62004CF8CF /* Products */;
			projectDirPath = "";
			projectRoot = "";
			targets = (
				0818C346244A9F62004CF8CF /* OntheMap */,
				0818C35A244A9F64004CF8CF /* OntheMapTests */,
				0818C365244A9F64004CF8CF /* OntheMapUITests */,
			);
		};
/* End PBXProject section */

/* Begin PBXResourcesBuildPhase section */
		0818C345244A9F62004CF8CF /* Resources */ = {
			isa = PBXResourcesBuildPhase;
			buildActionMask = 2147483647;
			files = (
				0818C355244A9F64004CF8CF /* LaunchScreen.storyboard in Resources */,
				0818C352244A9F64004CF8CF /* Assets.xcassets in Resources */,
				0818C350244A9F62004CF8CF /* Main.storyboard in Resources */,
			);
			runOnlyForDeploymentPostprocessing = 0;
		};
		0818C359244A9F64004CF8CF /* Resources */ = {
			isa = PBXResourcesBuildPhase;
			buildActionMask = 2147483647;
			files = (
			);
			runOnlyForDeploymentPostprocessing = 0;
		};
		0818C364244A9F64004CF8CF /* Resources */ = {
			isa = PBXResourcesBuildPhase;
			buildActionMask = 2147483647;
			files = (
			);
			runOnlyForDeploymentPostprocessing = 0;
		};
/* End PBXResourcesBuildPhase section */

/* Begin PBXSourcesBuildPhase section */
		0818C343244A9F62004CF8CF /* Sources */ = {
			isa = PBXSourcesBuildPhase;
			buildActionMask = 2147483647;
			files = (
				0818C34D244A9F62004CF8CF /* ViewController.swift in Sources */,
				0818C34B244A9F62004CF8CF /* AppDelegate.swift in Sources */,
			);
			runOnlyForDeploymentPostprocessing = 0;
		};
		0818C357244A9F64004CF8CF /* Sources */ = {
			isa = PBXSourcesBuildPhase;
			buildActionMask = 2147483647;
			files = (
				0818C360244A9F64004CF8CF /* OntheMapTests.swift in Sources */,
			);
			runOnlyForDeploymentPostprocessing = 0;
		};
		0818C362244A9F64004CF8CF /* Sources */ = {
			isa = PBXSourcesBuildPhase;
			buildActionMask = 2147483647;
			files = (
				0818C36B244A9F64004CF8CF /* OntheMapUITests.swift in Sources */,
			);
			runOnlyForDeploymentPostprocessing = 0;
		};
/* End PBXSourcesBuildPhase section */

/* Begin PBXTargetDependency section */
		0818C35D244A9F64004CF8CF /* PBXTargetDependency */ = {
			isa = PBXTargetDependency;
			target = 0818C346244A9F62004CF8CF /* OntheMap */;
			targetProxy = 0818C35C244A9F64004CF8CF /* PBXContainerItemProxy */;
		};
		0818C368244A9F64004CF8CF /* PBXTargetDependency */ = {
			isa = PBXTargetDependency;
			target = 0818C346244A9F62004CF8CF /* OntheMap */;
			targetProxy = 0818C367244A9F64004CF8CF /* PBXContainerItemProxy */;
		};
/* End PBXTargetDependency section */

/* Begin PBXVariantGroup section */
		0818C34E244A9F62004CF8CF /* Main.storyboard */ = {
			isa = PBXVariantGroup;
			children = (
				0818C34F244A9F62004CF8CF /* Base */,
			);
			name = Main.storyboard;
			sourceTree = "<group>";
		};
		0818C353244A9F64004CF8CF /* LaunchScreen.storyboard */ = {
			isa = PBXVariantGroup;
			children = (
				0818C354244A9F64004CF8CF /* Base */,
			);
			name = LaunchScreen.storyboard;
			sourceTree = "<group>";
		};
/* End PBXVariantGroup section */

/* Begin XCBuildConfiguration section */
		0818C36D244A9F64004CF8CF /* Debug */ = {
			isa = XCBuildConfiguration;
			buildSettings = {
				ALWAYS_SEARCH_USER_PATHS = NO;
				CLANG_ANALYZER_NONNULL = YES;
				CLANG_ANALYZER_NUMBER_OBJECT_CONVERSION = YES_AGGRESSIVE;
				CLANG_CXX_LANGUAGE_STANDARD = "gnu++14";
				CLANG_CXX_LIBRARY = "libc++";
				CLANG_ENABLE_MODULES = YES;
				CLANG_ENABLE_OBJC_ARC = YES;
				CLANG_ENABLE_OBJC_WEAK = YES;
				CLANG_WARN_BLOCK_CAPTURE_AUTORELEASING = YES;
				CLANG_WARN_BOOL_CONVERSION = YES;
				CLANG_WARN_COMMA = YES;
				CLANG_WARN_CONSTANT_CONVERSION = YES;
				CLANG_WARN_DEPRECATED_OBJC_IMPLEMENTATIONS = YES;
				CLANG_WARN_DIRECT_OBJC_ISA_USAGE = YES_ERROR;
				CLANG_WARN_DOCUMENTATION_COMMENTS = YES;
				CLANG_WARN_EMPTY_BODY = YES;
				CLANG_WARN_ENUM_CONVERSION = YES;
				CLANG_WARN_INFINITE_RECURSION = YES;
				CLANG_WARN_INT_CONVERSION = YES;
				CLANG_WARN_NON_LITERAL_NULL_CONVERSION = YES;
				CLANG_WARN_OBJC_IMPLICIT_RETAIN_SELF = YES;
				CLANG_WARN_OBJC_LITERAL_CONVERSION = YES;
				CLANG_WARN_OBJC_ROOT_CLASS = YES_ERROR;
				CLANG_WARN_RANGE_LOOP_ANALYSIS = YES;
				CLANG_WARN_STRICT_PROTOTYPES = YES;
				CLANG_WARN_SUSPICIOUS_MOVE = YES;
				CLANG_WARN_UNGUARDED_AVAILABILITY = YES_AGGRESSIVE;
				CLANG_WARN_UNREACHABLE_CODE = YES;
				CLANG_WARN__DUPLICATE_METHOD_MATCH = YES;
				CODE_SIGN_IDENTITY = "iPhone Developer";
				COPY_PHASE_STRIP = NO;
				DEBUG_INFORMATION_FORMAT = dwarf;
				ENABLE_STRICT_OBJC_MSGSEND = YES;
				ENABLE_TESTABILITY = YES;
				GCC_C_LANGUAGE_STANDARD = gnu11;
				GCC_DYNAMIC_NO_PIC = NO;
				GCC_NO_COMMON_BLOCKS = YES;
				GCC_OPTIMIZATION_LEVEL = 0;
				GCC_PREPROCESSOR_DEFINITIONS = (
					"DEBUG=1",
					"$(inherited)",
				);
				GCC_WARN_64_TO_32_BIT_CONVERSION = YES;
				GCC_WARN_ABOUT_RETURN_TYPE = YES_ERROR;
				GCC_WARN_UNDECLARED_SELECTOR = YES;
				GCC_WARN_UNINITIALIZED_AUTOS = YES_AGGRESSIVE;
				GCC_WARN_UNUSED_FUNCTION = YES;
				GCC_WARN_UNUSED_VARIABLE = YES;
				IPHONEOS_DEPLOYMENT_TARGET = 10.3;
				MTL_ENABLE_DEBUG_INFO = INCLUDE_SOURCE;
				MTL_FAST_MATH = YES;
				ONLY_ACTIVE_ARCH = YES;
				SDKROOT = iphoneos;
				SWIFT_ACTIVE_COMPILATION_CONDITIONS = DEBUG;
				SWIFT_OPTIMIZATION_LEVEL = "-Onone";
			};
			name = Debug;
		};
		0818C36E244A9F64004CF8CF /* Release */ = {
			isa = XCBuildConfiguration;
			buildSettings = {
				ALWAYS_SEARCH_USER_PATHS = NO;
				CLANG_ANALYZER_NONNULL = YES;
				CLANG_ANALYZER_NUMBER_OBJECT_CONVERSION = YES_AGGRESSIVE;
				CLANG_CXX_LANGUAGE_STANDARD = "gnu++14";
				CLANG_CXX_LIBRARY = "libc++";
				CLANG_ENABLE_MODULES = YES;
				CLANG_ENABLE_OBJC_ARC = YES;
				CLANG_ENABLE_OBJC_WEAK = YES;
				CLANG_WARN_BLOCK_CAPTURE_AUTORELEASING = YES;
				CLANG_WARN_BOOL_CONVERSION = YES;
				CLANG_WARN_COMMA = YES;
				CLANG_WARN_CONSTANT_CONVERSION = YES;
				CLANG_WARN_DEPRECATED_OBJC_IMPLEMENTATIONS = YES;
				CLANG_WARN_DIRECT_OBJC_ISA_USAGE = YES_ERROR;
				CLANG_WARN_DOCUMENTATION_COMMENTS = YES;
				CLANG_WARN_EMPTY_BODY = YES;
				CLANG_WARN_ENUM_CONVERSION = YES;
				CLANG_WARN_INFINITE_RECURSION = YES;
				CLANG_WARN_INT_CONVERSION = YES;
				CLANG_WARN_NON_LITERAL_NULL_CONVERSION = YES;
				CLANG_WARN_OBJC_IMPLICIT_RETAIN_SELF = YES;
				CLANG_WARN_OBJC_LITERAL_CONVERSION = YES;
				CLANG_WARN_OBJC_ROOT_CLASS = YES_ERROR;
				CLANG_WARN_RANGE_LOOP_ANALYSIS = YES;
				CLANG_WARN_STRICT_PROTOTYPES = YES;
				CLANG_WARN_SUSPICIOUS_MOVE = YES;
				CLANG_WARN_UNGUARDED_AVAILABILITY = YES_AGGRESSIVE;
				CLANG_WARN_UNREACHABLE_CODE = YES;
				CLANG_WARN__DUPLICATE_METHOD_MATCH = YES;
				CODE_SIGN_IDENTITY = "iPhone Developer";
				COPY_PHASE_STRIP = NO;
				DEBUG_INFORMATION_FORMAT = "dwarf-with-dsym";
				ENABLE_NS_ASSERTIONS = NO;
				ENABLE_STRICT_OBJC_MSGSEND = YES;
				GCC_C_LANGUAGE_STANDARD = gnu11;
				GCC_NO_COMMON_BLOCKS = YES;
				GCC_WARN_64_TO_32_BIT_CONVERSION = YES;
				GCC_WARN_ABOUT_RETURN_TYPE = YES_ERROR;
				GCC_WARN_UNDECLARED_SELECTOR = YES;
				GCC_WARN_UNINITIALIZED_AUTOS = YES_AGGRESSIVE;
				GCC_WARN_UNUSED_FUNCTION = YES;
				GCC_WARN_UNUSED_VARIABLE = YES;
				IPHONEOS_DEPLOYMENT_TARGET = 10.3;
				MTL_ENABLE_DEBUG_INFO = NO;
				MTL_FAST_MATH = YES;
				SDKROOT = iphoneos;
				SWIFT_COMPILATION_MODE = wholemodule;
				SWIFT_OPTIMIZATION_LEVEL = "-O";
				VALIDATE_PRODUCT = YES;
			};
			name = Release;
		};
		0818C370244A9F64004CF8CF /* Debug */ = {
			isa = XCBuildConfiguration;
			buildSettings = {
				ASSETCATALOG_COMPILER_APPICON_NAME = AppIcon;
				CODE_SIGN_STYLE = Automatic;
				DEVELOPMENT_TEAM = LDZ2TQJ69S;
				INFOPLIST_FILE = OntheMap/Info.plist;
				LD_RUNPATH_SEARCH_PATHS = (
					"$(inherited)",
					"@executable_path/Frameworks",
				);
				PRODUCT_BUNDLE_IDENTIFIER = com.circlelights.OntheMap;
				PRODUCT_NAME = "$(TARGET_NAME)";
				SWIFT_VERSION = 5.0;
				TARGETED_DEVICE_FAMILY = "1,2";
			};
			name = Debug;
		};
		0818C371244A9F64004CF8CF /* Release */ = {
			isa = XCBuildConfiguration;
			buildSettings = {
				ASSETCATALOG_COMPILER_APPICON_NAME = AppIcon;
				CODE_SIGN_STYLE = Automatic;
				DEVELOPMENT_TEAM = LDZ2TQJ69S;
				INFOPLIST_FILE = OntheMap/Info.plist;
				LD_RUNPATH_SEARCH_PATHS = (
					"$(inherited)",
					"@executable_path/Frameworks",
				);
				PRODUCT_BUNDLE_IDENTIFIER = com.circlelights.OntheMap;
				PRODUCT_NAME = "$(TARGET_NAME)";
				SWIFT_VERSION = 5.0;
				TARGETED_DEVICE_FAMILY = "1,2";
			};
			name = Release;
		};
		0818C373244A9F64004CF8CF /* Debug */ = {
			isa = XCBuildConfiguration;
			buildSettings = {
				ALWAYS_EMBED_SWIFT_STANDARD_LIBRARIES = YES;
				BUNDLE_LOADER = "$(TEST_HOST)";
				CODE_SIGN_STYLE = Automatic;
				DEVELOPMENT_TEAM = LDZ2TQJ69S;
				INFOPLIST_FILE = OntheMapTests/Info.plist;
				LD_RUNPATH_SEARCH_PATHS = (
					"$(inherited)",
					"@executable_path/Frameworks",
					"@loader_path/Frameworks",
				);
				PRODUCT_BUNDLE_IDENTIFIER = com.circlelights.OntheMapTests;
				PRODUCT_NAME = "$(TARGET_NAME)";
				SWIFT_VERSION = 5.0;
				TARGETED_DEVICE_FAMILY = "1,2";
				TEST_HOST = "$(BUILT_PRODUCTS_DIR)/OntheMap.app/OntheMap";
			};
			name = Debug;
		};
		0818C374244A9F64004CF8CF /* Release */ = {
			isa = XCBuildConfiguration;
			buildSettings = {
				ALWAYS_EMBED_SWIFT_STANDARD_LIBRARIES = YES;
				BUNDLE_LOADER = "$(TEST_HOST)";
				CODE_SIGN_STYLE = Automatic;
				DEVELOPMENT_TEAM = LDZ2TQJ69S;
				INFOPLIST_FILE = OntheMapTests/Info.plist;
				LD_RUNPATH_SEARCH_PATHS = (
					"$(inherited)",
					"@executable_path/Frameworks",
					"@loader_path/Frameworks",
				);
				PRODUCT_BUNDLE_IDENTIFIER = com.circlelights.OntheMapTests;
				PRODUCT_NAME = "$(TARGET_NAME)";
				SWIFT_VERSION = 5.0;
				TARGETED_DEVICE_FAMILY = "1,2";
				TEST_HOST = "$(BUILT_PRODUCTS_DIR)/OntheMap.app/OntheMap";
			};
			name = Release;
		};
		0818C376244A9F64004CF8CF /* Debug */ = {
			isa = XCBuildConfiguration;
			buildSettings = {
				ALWAYS_EMBED_SWIFT_STANDARD_LIBRARIES = YES;
				CODE_SIGN_STYLE = Automatic;
				DEVELOPMENT_TEAM = LDZ2TQJ69S;
				INFOPLIST_FILE = OntheMapUITests/Info.plist;
				LD_RUNPATH_SEARCH_PATHS = (
					"$(inherited)",
					"@executable_path/Frameworks",
					"@loader_path/Frameworks",
				);
				PRODUCT_BUNDLE_IDENTIFIER = com.circlelights.OntheMapUITests;
				PRODUCT_NAME = "$(TARGET_NAME)";
				SWIFT_VERSION = 5.0;
				TARGETED_DEVICE_FAMILY = "1,2";
				TEST_TARGET_NAME = OntheMap;
			};
			name = Debug;
		};
		0818C377244A9F64004CF8CF /* Release */ = {
			isa = XCBuildConfiguration;
			buildSettings = {
				ALWAYS_EMBED_SWIFT_STANDARD_LIBRARIES = YES;
				CODE_SIGN_STYLE = Automatic;
				DEVELOPMENT_TEAM = LDZ2TQJ69S;
				INFOPLIST_FILE = OntheMapUITests/Info.plist;
				LD_RUNPATH_SEARCH_PATHS = (
					"$(inherited)",
					"@executable_path/Frameworks",
					"@loader_path/Frameworks",
				);
				PRODUCT_BUNDLE_IDENTIFIER = com.circlelights.OntheMapUITests;
				PRODUCT_NAME = "$(TARGET_NAME)";
				SWIFT_VERSION = 5.0;
				TARGETED_DEVICE_FAMILY = "1,2";
				TEST_TARGET_NAME = OntheMap;
			};
			name = Release;
		};
/* End XCBuildConfiguration section */

/* Begin XCConfigurationList section */
		0818C342244A9F62004CF8CF /* Build configuration list for PBXProject "OntheMap" */ = {
			isa = XCConfigurationList;
			buildConfigurations = (
				0818C36D244A9F64004CF8CF /* Debug */,
				0818C36E244A9F64004CF8CF /* Release */,
			);
			defaultConfigurationIsVisible = 0;
			defaultConfigurationName = Release;
		};
		0818C36F244A9F64004CF8CF /* Build configuration list for PBXNativeTarget "OntheMap" */ = {
			isa = XCConfigurationList;
			buildConfigurations = (
				0818C370244A9F64004CF8CF /* Debug */,
				0818C371244A9F64004CF8CF /* Release */,
			);
			defaultConfigurationIsVisible = 0;
			defaultConfigurationName = Release;
		};
		0818C372244A9F64004CF8CF /* Build configuration list for PBXNativeTarget "OntheMapTests" */ = {
			isa = XCConfigurationList;
			buildConfigurations = (
				0818C373244A9F64004CF8CF /* Debug */,
				0818C374244A9F64004CF8CF /* Release */,
			);
			defaultConfigurationIsVisible = 0;
			defaultConfigurationName = Release;
		};
		0818C375244A9F64004CF8CF /* Build configuration list for PBXNativeTarget "OntheMapUITests" */ = {
			isa = XCConfigurationList;
			buildConfigurations = (
				0818C376244A9F64004CF8CF /* Debug */,
				0818C377244A9F64004CF8CF /* Release */,
			);
			defaultConfigurationIsVisible = 0;
			defaultConfigurationName = Release;
		};
/* End XCConfigurationList section */
	};
	rootObject = 0818C33F244A9F62004CF8CF /* Project object */;
}
